
Microsoft Visual Studio Solution File, Format Version 12.00
# Visual Studio 15
VisualStudioVersion = 15.0.28307.421
MinimumVisualStudioVersion = 10.0.40219.1
Project("{FAE04EC0-301F-11D3-BF4B-00C04F79EFBC}") = "Green", "Green\Green.csproj", "{2AF11C49-93CC-40BA-B234-7FBCF856E6A7}"
EndProject
Project("{FAE04EC0-301F-11D3-BF4B-00C04F79EFBC}") = "UnitMSTests", "UnitMSTest\UnitMSTests.csproj", "{CA744681-B53D-477D-9935-FF3EBD6F7575}"
EndProject
Global
	GlobalSection(SolutionConfigurationPlatforms) = preSolution
		Debug|Any CPU = Debug|Any CPU
		Release|Any CPU = Release|Any CPU
	EndGlobalSection
	GlobalSection(ProjectConfigurationPlatforms) = postSolution
		{2AF11C49-93CC-40BA-B234-7FBCF856E6A7}.Debug|Any CPU.ActiveCfg = Debug|Any CPU
		{2AF11C49-93CC-40BA-B234-7FBCF856E6A7}.Debug|Any CPU.Build.0 = Debug|Any CPU
		{2AF11C49-93CC-40BA-B234-7FBCF856E6A7}.Release|Any CPU.ActiveCfg = Release|Any CPU
		{2AF11C49-93CC-40BA-B234-7FBCF856E6A7}.Release|Any CPU.Build.0 = Release|Any CPU
		{CA744681-B53D-477D-9935-FF3EBD6F7575}.Debug|Any CPU.ActiveCfg = Debug|Any CPU
		{CA744681-B53D-477D-9935-FF3EBD6F7575}.Debug|Any CPU.Build.0 = Debug|Any CPU
		{CA744681-B53D-477D-9935-FF3EBD6F7575}.Release|Any CPU.ActiveCfg = Release|Any CPU
		{CA744681-B53D-477D-9935-FF3EBD6F7575}.Release|Any CPU.Build.0 = Release|Any CPU
	EndGlobalSection
	GlobalSection(SolutionProperties) = preSolution
		HideSolutionNode = FALSE
	EndGlobalSection
	GlobalSection(ExtensibilityGlobals) = postSolution
		SolutionGuid = {3CB3624C-46D7-407B-8996-DCF6FAC55CA1}
	EndGlobalSection
EndGlobal
